{
  "originHash" : "2095efea7f6f35875cc089000cd38b80eb6fdcd34b6b1dc929dfdf3e64c5da32",
  "pins" : [
    {
      "identity" : "d3-async-location",
      "kind" : "remoteSourceControl",
      "location" : "https://github.com/The-Igor/d3-async-location",
      "state" : {
        "branch" : "main",
        "revision" : "5884dc06f93aa23c89ba2e3314447ebf1b942d16"
      }
    }
  ],
  "version" : 3
}
