{
  "originHash" : "23066c0589046cd64215c68e8cb7709c8fe22f04b3ab0d1dd123cd0be611d231",
  "pins" : [
    {
      "identity" : "async-task",
      "kind" : "remoteSourceControl",
      "location" : "https://github.com/swiftuiux/async-task",
      "state" : {
        "branch" : "main",
        "revision" : "f0be1c5e1e112f21df48fe9b94230d136b8396d4"
      }
    }
  ],
  "version" : 3
}
