// !$*UTF8*$!
{
	archiveVersion = 1;
	classes = {
	};
	objectVersion = 56;
	objects = {

/* Begin PBXBuildFile section */
		780BBCBE298CEC5F00A4EEE6 /* async_location_swift_exampleApp.swift in Sources */ = {isa = PBXBuildFile; fileRef = 780BBCBD298CEC5F00A4EEE6 /* async_location_swift_exampleApp.swift */; };
		780BBCC2298CEC5F00A4EEE6 /* Assets.xcassets in Resources */ = {isa = PBXBuildFile; fileRef = 780BBCC1298CEC5F00A4EEE6 /* Assets.xcassets */; };
		780BBCC5298CEC5F00A4EEE6 /* Preview Assets.xcassets in Resources */ = {isa = PBXBuildFile; fileRef = 780BBCC4298CEC5F00A4EEE6 /* Preview Assets.xcassets */; };
		780BBCD2298CF99400A4EEE6 /* README.md in Resources */ = {isa = PBXBuildFile; fileRef = 780BBCD1298CF99400A4EEE6 /* README.md */; };
		780BBCD5298D038D00A4EEE6 /* d3-async-location in Frameworks */ = {isa = PBXBuildFile; productRef = 780BBCD4298D038D00A4EEE6 /* d3-async-location */; };
		78CA15F62994F01F00BC0124 /* MapViewModel.swift in Sources */ = {isa = PBXBuildFile; fileRef = 78CA15F52994F01F00BC0124 /* MapViewModel.swift */; };
		78CA15F82995142900BC0124 /* MapView.swift in Sources */ = {isa = PBXBuildFile; fileRef = 78CA15F72995142900BC0124 /* MapView.swift */; };
		78CA15FA29952BE900BC0124 /* ToolbarItemModifier.swift in Sources */ = {isa = PBXBuildFile; fileRef = 78CA15F929952BE900BC0124 /* ToolbarItemModifier.swift */; };
		78CA16162996015000BC0124 /* ContentView.swift in Sources */ = {isa = PBXBuildFile; fileRef = 78CA16152996015000BC0124 /* ContentView.swift */; };
		78DB5F4F299776FF008A341E /* AddressEncoder.swift in Sources */ = {isa = PBXBuildFile; fileRef = 78DB5F4E299776FF008A341E /* AddressEncoder.swift */; };
/* End PBXBuildFile section */

/* Begin PBXFileReference section */
		780BBCBA298CEC5F00A4EEE6 /* async-location-swift-example.app */ = {isa = PBXFileReference; explicitFileType = wrapper.application; includeInIndex = 0; path = "async-location-swift-example.app"; sourceTree = BUILT_PRODUCTS_DIR; };
		780BBCBD298CEC5F00A4EEE6 /* async_location_swift_exampleApp.swift */ = {isa = PBXFileReference; lastKnownFileType = sourcecode.swift; path = async_location_swift_exampleApp.swift; sourceTree = "<group>"; };
		780BBCC1298CEC5F00A4EEE6 /* Assets.xcassets */ = {isa = PBXFileReference; lastKnownFileType = folder.assetcatalog; path = Assets.xcassets; sourceTree = "<group>"; };
		780BBCC4298CEC5F00A4EEE6 /* Preview Assets.xcassets */ = {isa = PBXFileReference; lastKnownFileType = folder.assetcatalog; path = "Preview Assets.xcassets"; sourceTree = "<group>"; };
		780BBCD0298CF6A300A4EEE6 /* Info.plist */ = {isa = PBXFileReference; lastKnownFileType = text.plist; path = Info.plist; sourceTree = "<group>"; };
		780BBCD1298CF99400A4EEE6 /* README.md */ = {isa = PBXFileReference; fileEncoding = 4; lastKnownFileType = net.daringfireball.markdown; path = README.md; sourceTree = SOURCE_ROOT; };
		78CA15F52994F01F00BC0124 /* MapViewModel.swift */ = {isa = PBXFileReference; lastKnownFileType = sourcecode.swift; path = MapViewModel.swift; sourceTree = "<group>"; };
		78CA15F72995142900BC0124 /* MapView.swift */ = {isa = PBXFileReference; lastKnownFileType = sourcecode.swift; path = MapView.swift; sourceTree = "<group>"; };
		78CA15F929952BE900BC0124 /* ToolbarItemModifier.swift */ = {isa = PBXFileReference; lastKnownFileType = sourcecode.swift; path = ToolbarItemModifier.swift; sourceTree = "<group>"; };
		78CA16152996015000BC0124 /* ContentView.swift */ = {isa = PBXFileReference; fileEncoding = 4; lastKnownFileType = sourcecode.swift; path = ContentView.swift; sourceTree = "<group>"; };
		78DB5F4E299776FF008A341E /* AddressEncoder.swift */ = {isa = PBXFileReference; lastKnownFileType = sourcecode.swift; path = AddressEncoder.swift; sourceTree = "<group>"; };
/* End PBXFileReference section */

/* Begin PBXFrameworksBuildPhase section */
		780BBCB7298CEC5F00A4EEE6 /* Frameworks */ = {
			isa = PBXFrameworksBuildPhase;
			buildActionMask = 2147483647;
			files = (
				780BBCD5298D038D00A4EEE6 /* d3-async-location in Frameworks */,
			);
			runOnlyForDeploymentPostprocessing = 0;
		};
/* End PBXFrameworksBuildPhase section */

/* Begin PBXGroup section */
		780BBCB1298CEC5F00A4EEE6 = {
			isa = PBXGroup;
			children = (
				780BBCBC298CEC5F00A4EEE6 /* async-location-swift-example */,
				780BBCBB298CEC5F00A4EEE6 /* Products */,
			);
			sourceTree = "<group>";
		};
		780BBCBB298CEC5F00A4EEE6 /* Products */ = {
			isa = PBXGroup;
			children = (
				780BBCBA298CEC5F00A4EEE6 /* async-location-swift-example.app */,
			);
			name = Products;
			sourceTree = "<group>";
		};
		780BBCBC298CEC5F00A4EEE6 /* async-location-swift-example */ = {
			isa = PBXGroup;
			children = (
				78DB5F4C299776C8008A341E /* helpers */,
				78CA15FE29954DE600BC0124 /* app */,
				78CA15FD29954DD400BC0124 /* modifier */,
				78CA15FC29954DBA00BC0124 /* view */,
				78CA15FB29954DAD00BC0124 /* viewmodel */,
				780BBCD1298CF99400A4EEE6 /* README.md */,
				780BBCD0298CF6A300A4EEE6 /* Info.plist */,
				780BBCC1298CEC5F00A4EEE6 /* Assets.xcassets */,
				780BBCC3298CEC5F00A4EEE6 /* Preview Content */,
			);
			path = "async-location-swift-example";
			sourceTree = "<group>";
		};
		780BBCC3298CEC5F00A4EEE6 /* Preview Content */ = {
			isa = PBXGroup;
			children = (
				780BBCC4298CEC5F00A4EEE6 /* Preview Assets.xcassets */,
			);
			path = "Preview Content";
			sourceTree = "<group>";
		};
		78CA15FB29954DAD00BC0124 /* viewmodel */ = {
			isa = PBXGroup;
			children = (
				78CA15F52994F01F00BC0124 /* MapViewModel.swift */,
			);
			path = viewmodel;
			sourceTree = "<group>";
		};
		78CA15FC29954DBA00BC0124 /* view */ = {
			isa = PBXGroup;
			children = (
				78CA16152996015000BC0124 /* ContentView.swift */,
				78CA15F72995142900BC0124 /* MapView.swift */,
			);
			path = view;
			sourceTree = "<group>";
		};
		78CA15FD29954DD400BC0124 /* modifier */ = {
			isa = PBXGroup;
			children = (
				78CA15F929952BE900BC0124 /* ToolbarItemModifier.swift */,
			);
			path = modifier;
			sourceTree = "<group>";
		};
		78CA15FE29954DE600BC0124 /* app */ = {
			isa = PBXGroup;
			children = (
				780BBCBD298CEC5F00A4EEE6 /* async_location_swift_exampleApp.swift */,
			);
			path = app;
			sourceTree = "<group>";
		};
		78DB5F4C299776C8008A341E /* helpers */ = {
			isa = PBXGroup;
			children = (
				78DB5F4E299776FF008A341E /* AddressEncoder.swift */,
			);
			path = helpers;
			sourceTree = "<group>";
		};
/* End PBXGroup section */

/* Begin PBXNativeTarget section */
		780BBCB9298CEC5F00A4EEE6 /* async-location-swift-example */ = {
			isa = PBXNativeTarget;
			buildConfigurationList = 780BBCC8298CEC5F00A4EEE6 /* Build configuration list for PBXNativeTarget "async-location-swift-example" */;
			buildPhases = (
				780BBCB6298CEC5F00A4EEE6 /* Sources */,
				780BBCB7298CEC5F00A4EEE6 /* Frameworks */,
				780BBCB8298CEC5F00A4EEE6 /* Resources */,
			);
			buildRules = (
			);
			dependencies = (
			);
			name = "async-location-swift-example";
			packageProductDependencies = (
				780BBCD4298D038D00A4EEE6 /* d3-async-location */,
			);
			productName = "async-location-swift-example";
			productReference = 780BBCBA298CEC5F00A4EEE6 /* async-location-swift-example.app */;
			productType = "com.apple.product-type.application";
		};
/* End PBXNativeTarget section */

/* Begin PBXProject section */
		780BBCB2298CEC5F00A4EEE6 /* Project object */ = {
			isa = PBXProject;
			attributes = {
				BuildIndependentTargetsInParallel = 1;
				LastSwiftUpdateCheck = 1420;
				LastUpgradeCheck = 1420;
				TargetAttributes = {
					780BBCB9298CEC5F00A4EEE6 = {
						CreatedOnToolsVersion = 14.2;
					};
				};
			};
			buildConfigurationList = 780BBCB5298CEC5F00A4EEE6 /* Build configuration list for PBXProject "async-location-swift-example" */;
			compatibilityVersion = "Xcode 14.0";
			developmentRegion = en;
			hasScannedForEncodings = 0;
			knownRegions = (
				en,
				Base,
			);
			mainGroup = 780BBCB1298CEC5F00A4EEE6;
			packageReferences = (
				780BBCD3298D038D00A4EEE6 /* XCRemoteSwiftPackageReference "d3-async-location" */,
			);
			productRefGroup = 780BBCBB298CEC5F00A4EEE6 /* Products */;
			projectDirPath = "";
			projectRoot = "";
			targets = (
				780BBCB9298CEC5F00A4EEE6 /* async-location-swift-example */,
			);
		};
/* End PBXProject section */

/* Begin PBXResourcesBuildPhase section */
		780BBCB8298CEC5F00A4EEE6 /* Resources */ = {
			isa = PBXResourcesBuildPhase;
			buildActionMask = 2147483647;
			files = (
				780BBCD2298CF99400A4EEE6 /* README.md in Resources */,
				780BBCC5298CEC5F00A4EEE6 /* Preview Assets.xcassets in Resources */,
				780BBCC2298CEC5F00A4EEE6 /* Assets.xcassets in Resources */,
			);
			runOnlyForDeploymentPostprocessing = 0;
		};
/* End PBXResourcesBuildPhase section */

/* Begin PBXSourcesBuildPhase section */
		780BBCB6298CEC5F00A4EEE6 /* Sources */ = {
			isa = PBXSourcesBuildPhase;
			buildActionMask = 2147483647;
			files = (
				78CA15F82995142900BC0124 /* MapView.swift in Sources */,
				78CA16162996015000BC0124 /* ContentView.swift in Sources */,
				78CA15FA29952BE900BC0124 /* ToolbarItemModifier.swift in Sources */,
				78DB5F4F299776FF008A341E /* AddressEncoder.swift in Sources */,
				780BBCBE298CEC5F00A4EEE6 /* async_location_swift_exampleApp.swift in Sources */,
				78CA15F62994F01F00BC0124 /* MapViewModel.swift in Sources */,
			);
			runOnlyForDeploymentPostprocessing = 0;
		};
/* End PBXSourcesBuildPhase section */

/* Begin XCBuildConfiguration section */
		780BBCC6298CEC5F00A4EEE6 /* Debug */ = {
			isa = XCBuildConfiguration;
			buildSettings = {
				ALWAYS_SEARCH_USER_PATHS = NO;
				CLANG_ANALYZER_NONNULL = YES;
				CLANG_ANALYZER_NUMBER_OBJECT_CONVERSION = YES_AGGRESSIVE;
				CLANG_CXX_LANGUAGE_STANDARD = "gnu++20";
				CLANG_ENABLE_MODULES = YES;
				CLANG_ENABLE_OBJC_ARC = YES;
				CLANG_ENABLE_OBJC_WEAK = YES;
				CLANG_WARN_BLOCK_CAPTURE_AUTORELEASING = YES;
				CLANG_WARN_BOOL_CONVERSION = YES;
				CLANG_WARN_COMMA = YES;
				CLANG_WARN_CONSTANT_CONVERSION = YES;
				CLANG_WARN_DEPRECATED_OBJC_IMPLEMENTATIONS = YES;
				CLANG_WARN_DIRECT_OBJC_ISA_USAGE = YES_ERROR;
				CLANG_WARN_DOCUMENTATION_COMMENTS = YES;
				CLANG_WARN_EMPTY_BODY = YES;
				CLANG_WARN_ENUM_CONVERSION = YES;
				CLANG_WARN_INFINITE_RECURSION = YES;
				CLANG_WARN_INT_CONVERSION = YES;
				CLANG_WARN_NON_LITERAL_NULL_CONVERSION = YES;
				CLANG_WARN_OBJC_IMPLICIT_RETAIN_SELF = YES;
				CLANG_WARN_OBJC_LITERAL_CONVERSION = YES;
				CLANG_WARN_OBJC_ROOT_CLASS = YES_ERROR;
				CLANG_WARN_QUOTED_INCLUDE_IN_FRAMEWORK_HEADER = YES;
				CLANG_WARN_RANGE_LOOP_ANALYSIS = YES;
				CLANG_WARN_STRICT_PROTOTYPES = YES;
				CLANG_WARN_SUSPICIOUS_MOVE = YES;
				CLANG_WARN_UNGUARDED_AVAILABILITY = YES_AGGRESSIVE;
				CLANG_WARN_UNREACHABLE_CODE = YES;
				CLANG_WARN__DUPLICATE_METHOD_MATCH = YES;
				COPY_PHASE_STRIP = NO;
				DEBUG_INFORMATION_FORMAT = dwarf;
				ENABLE_STRICT_OBJC_MSGSEND = YES;
				ENABLE_TESTABILITY = YES;
				GCC_C_LANGUAGE_STANDARD = gnu11;
				GCC_DYNAMIC_NO_PIC = NO;
				GCC_NO_COMMON_BLOCKS = YES;
				GCC_OPTIMIZATION_LEVEL = 0;
				GCC_PREPROCESSOR_DEFINITIONS = (
					"DEBUG=1",
					"$(inherited)",
				);
				GCC_WARN_64_TO_32_BIT_CONVERSION = YES;
				GCC_WARN_ABOUT_RETURN_TYPE = YES_ERROR;
				GCC_WARN_UNDECLARED_SELECTOR = YES;
				GCC_WARN_UNINITIALIZED_AUTOS = YES_AGGRESSIVE;
				GCC_WARN_UNUSED_FUNCTION = YES;
				GCC_WARN_UNUSED_VARIABLE = YES;
				IPHONEOS_DEPLOYMENT_TARGET = 16.2;
				MTL_ENABLE_DEBUG_INFO = INCLUDE_SOURCE;
				MTL_FAST_MATH = YES;
				ONLY_ACTIVE_ARCH = YES;
				SDKROOT = iphoneos;
				SWIFT_ACTIVE_COMPILATION_CONDITIONS = DEBUG;
				SWIFT_OPTIMIZATION_LEVEL = "-Onone";
			};
			name = Debug;
		};
		780BBCC7298CEC5F00A4EEE6 /* Release */ = {
			isa = XCBuildConfiguration;
			buildSettings = {
				ALWAYS_SEARCH_USER_PATHS = NO;
				CLANG_ANALYZER_NONNULL = YES;
				CLANG_ANALYZER_NUMBER_OBJECT_CONVERSION = YES_AGGRESSIVE;
				CLANG_CXX_LANGUAGE_STANDARD = "gnu++20";
				CLANG_ENABLE_MODULES = YES;
				CLANG_ENABLE_OBJC_ARC = YES;
				CLANG_ENABLE_OBJC_WEAK = YES;
				CLANG_WARN_BLOCK_CAPTURE_AUTORELEASING = YES;
				CLANG_WARN_BOOL_CONVERSION = YES;
				CLANG_WARN_COMMA = YES;
				CLANG_WARN_CONSTANT_CONVERSION = YES;
				CLANG_WARN_DEPRECATED_OBJC_IMPLEMENTATIONS = YES;
				CLANG_WARN_DIRECT_OBJC_ISA_USAGE = YES_ERROR;
				CLANG_WARN_DOCUMENTATION_COMMENTS = YES;
				CLANG_WARN_EMPTY_BODY = YES;
				CLANG_WARN_ENUM_CONVERSION = YES;
				CLANG_WARN_INFINITE_RECURSION = YES;
				CLANG_WARN_INT_CONVERSION = YES;
				CLANG_WARN_NON_LITERAL_NULL_CONVERSION = YES;
				CLANG_WARN_OBJC_IMPLICIT_RETAIN_SELF = YES;
				CLANG_WARN_OBJC_LITERAL_CONVERSION = YES;
				CLANG_WARN_OBJC_ROOT_CLASS = YES_ERROR;
				CLANG_WARN_QUOTED_INCLUDE_IN_FRAMEWORK_HEADER = YES;
				CLANG_WARN_RANGE_LOOP_ANALYSIS = YES;
				CLANG_WARN_STRICT_PROTOTYPES = YES;
				CLANG_WARN_SUSPICIOUS_MOVE = YES;
				CLANG_WARN_UNGUARDED_AVAILABILITY = YES_AGGRESSIVE;
				CLANG_WARN_UNREACHABLE_CODE = YES;
				CLANG_WARN__DUPLICATE_METHOD_MATCH = YES;
				COPY_PHASE_STRIP = NO;
				DEBUG_INFORMATION_FORMAT = "dwarf-with-dsym";
				ENABLE_NS_ASSERTIONS = NO;
				ENABLE_STRICT_OBJC_MSGSEND = YES;
				GCC_C_LANGUAGE_STANDARD = gnu11;
				GCC_NO_COMMON_BLOCKS = YES;
				GCC_WARN_64_TO_32_BIT_CONVERSION = YES;
				GCC_WARN_ABOUT_RETURN_TYPE = YES_ERROR;
				GCC_WARN_UNDECLARED_SELECTOR = YES;
				GCC_WARN_UNINITIALIZED_AUTOS = YES_AGGRESSIVE;
				GCC_WARN_UNUSED_FUNCTION = YES;
				GCC_WARN_UNUSED_VARIABLE = YES;
				IPHONEOS_DEPLOYMENT_TARGET = 16.2;
				MTL_ENABLE_DEBUG_INFO = NO;
				MTL_FAST_MATH = YES;
				SDKROOT = iphoneos;
				SWIFT_COMPILATION_MODE = wholemodule;
				SWIFT_OPTIMIZATION_LEVEL = "-O";
				VALIDATE_PRODUCT = YES;
			};
			name = Release;
		};
		780BBCC9298CEC5F00A4EEE6 /* Debug */ = {
			isa = XCBuildConfiguration;
			buildSettings = {
				ASSETCATALOG_COMPILER_APPICON_NAME = AppIcon;
				ASSETCATALOG_COMPILER_GLOBAL_ACCENT_COLOR_NAME = AccentColor;
				CODE_SIGN_STYLE = Automatic;
				CURRENT_PROJECT_VERSION = 1;
				DEVELOPMENT_ASSET_PATHS = "\"async-location-swift-example/Preview Content\"";
				DEVELOPMENT_TEAM = FZ42RW4USG;
				ENABLE_PREVIEWS = YES;
				GENERATE_INFOPLIST_FILE = YES;
				INFOPLIST_FILE = "async-location-swift-example/Info.plist";
				INFOPLIST_KEY_NSLocationWhenInUseUsageDescription = "Show list of locations";
				INFOPLIST_KEY_UIApplicationSupportsIndirectInputEvents = YES;
				INFOPLIST_KEY_UILaunchScreen_Generation = YES;
				INFOPLIST_KEY_UISupportedInterfaceOrientations_iPad = "UIInterfaceOrientationPortrait UIInterfaceOrientationPortraitUpsideDown UIInterfaceOrientationLandscapeLeft UIInterfaceOrientationLandscapeRight";
				INFOPLIST_KEY_UISupportedInterfaceOrientations_iPhone = "UIInterfaceOrientationPortrait UIInterfaceOrientationLandscapeLeft UIInterfaceOrientationLandscapeRight";
				IPHONEOS_DEPLOYMENT_TARGET = 16.0;
				LD_RUNPATH_SEARCH_PATHS = (
					"$(inherited)",
					"@executable_path/Frameworks",
				);
				MARKETING_VERSION = 1.0;
				PRODUCT_BUNDLE_IDENTIFIER = "com.igorshell.async-location-swift-example";
				PRODUCT_NAME = "$(TARGET_NAME)";
				SWIFT_EMIT_LOC_STRINGS = YES;
				SWIFT_VERSION = 5.0;
				TARGETED_DEVICE_FAMILY = "1,2";
			};
			name = Debug;
		};
		780BBCCA298CEC5F00A4EEE6 /* Release */ = {
			isa = XCBuildConfiguration;
			buildSettings = {
				ASSETCATALOG_COMPILER_APPICON_NAME = AppIcon;
				ASSETCATALOG_COMPILER_GLOBAL_ACCENT_COLOR_NAME = AccentColor;
				CODE_SIGN_STYLE = Automatic;
				CURRENT_PROJECT_VERSION = 1;
				DEVELOPMENT_ASSET_PATHS = "\"async-location-swift-example/Preview Content\"";
				DEVELOPMENT_TEAM = FZ42RW4USG;
				ENABLE_PREVIEWS = YES;
				GENERATE_INFOPLIST_FILE = YES;
				INFOPLIST_FILE = "async-location-swift-example/Info.plist";
				INFOPLIST_KEY_NSLocationWhenInUseUsageDescription = "Show list of locations";
				INFOPLIST_KEY_UIApplicationSupportsIndirectInputEvents = YES;
				INFOPLIST_KEY_UILaunchScreen_Generation = YES;
				INFOPLIST_KEY_UISupportedInterfaceOrientations_iPad = "UIInterfaceOrientationPortrait UIInterfaceOrientationPortraitUpsideDown UIInterfaceOrientationLandscapeLeft UIInterfaceOrientationLandscapeRight";
				INFOPLIST_KEY_UISupportedInterfaceOrientations_iPhone = "UIInterfaceOrientationPortrait UIInterfaceOrientationLandscapeLeft UIInterfaceOrientationLandscapeRight";
				IPHONEOS_DEPLOYMENT_TARGET = 16.0;
				LD_RUNPATH_SEARCH_PATHS = (
					"$(inherited)",
					"@executable_path/Frameworks",
				);
				MARKETING_VERSION = 1.0;
				PRODUCT_BUNDLE_IDENTIFIER = "com.igorshell.async-location-swift-example";
				PRODUCT_NAME = "$(TARGET_NAME)";
				SWIFT_EMIT_LOC_STRINGS = YES;
				SWIFT_VERSION = 5.0;
				TARGETED_DEVICE_FAMILY = "1,2";
			};
			name = Release;
		};
/* End XCBuildConfiguration section */

/* Begin XCConfigurationList section */
		780BBCB5298CEC5F00A4EEE6 /* Build configuration list for PBXProject "async-location-swift-example" */ = {
			isa = XCConfigurationList;
			buildConfigurations = (
				780BBCC6298CEC5F00A4EEE6 /* Debug */,
				780BBCC7298CEC5F00A4EEE6 /* Release */,
			);
			defaultConfigurationIsVisible = 0;
			defaultConfigurationName = Release;
		};
		780BBCC8298CEC5F00A4EEE6 /* Build configuration list for PBXNativeTarget "async-location-swift-example" */ = {
			isa = XCConfigurationList;
			buildConfigurations = (
				780BBCC9298CEC5F00A4EEE6 /* Debug */,
				780BBCCA298CEC5F00A4EEE6 /* Release */,
			);
			defaultConfigurationIsVisible = 0;
			defaultConfigurationName = Release;
		};
/* End XCConfigurationList section */

/* Begin XCRemoteSwiftPackageReference section */
		780BBCD3298D038D00A4EEE6 /* XCRemoteSwiftPackageReference "d3-async-location" */ = {
			isa = XCRemoteSwiftPackageReference;
			repositoryURL = "https://github.com/The-Igor/d3-async-location";
			requirement = {
				branch = main;
				kind = branch;
			};
		};
/* End XCRemoteSwiftPackageReference section */

/* Begin XCSwiftPackageProductDependency section */
		780BBCD4298D038D00A4EEE6 /* d3-async-location */ = {
			isa = XCSwiftPackageProductDependency;
			package = 780BBCD3298D038D00A4EEE6 /* XCRemoteSwiftPackageReference "d3-async-location" */;
			productName = "d3-async-location";
		};
/* End XCSwiftPackageProductDependency section */
	};
	rootObject = 780BBCB2298CEC5F00A4EEE6 /* Project object */;
}
